
Microsoft Visual Studio Solution File, Format Version 12.00
# Visual Studio Version 16
VisualStudioVersion = 16.0.32510.428
MinimumVisualStudioVersion = 10.0.40219.1
Project("{FAE04EC0-301F-11D3-BF4B-00C04F79EFBC}") = "CartAPI", "CartAPI\CartAPI.csproj", "{3A6F5037-679C-442D-9D34-49F34947EAFA}"
EndProject
Global
	GlobalSection(SolutionConfigurationPlatforms) = preSolution
		Debug|Any CPU = Debug|Any CPU
		Release|Any CPU = Release|Any CPU
	EndGlobalSection
	GlobalSection(ProjectConfigurationPlatforms) = postSolution
		{3A6F5037-679C-442D-9D34-49F34947EAFA}.Debug|Any CPU.ActiveCfg = Debug|Any CPU
		{3A6F5037-679C-442D-9D34-49F34947EAFA}.Debug|Any CPU.Build.0 = Debug|Any CPU
		{3A6F5037-679C-442D-9D34-49F34947EAFA}.Release|Any CPU.ActiveCfg = Release|Any CPU
		{3A6F5037-679C-442D-9D34-49F34947EAFA}.Release|Any CPU.Build.0 = Release|Any CPU
	EndGlobalSection
	GlobalSection(SolutionProperties) = preSolution
		HideSolutionNode = FALSE
	EndGlobalSection
	GlobalSection(ExtensibilityGlobals) = postSolution
		SolutionGuid = {732AE917-FD21-480E-ACF8-F3C220BBD48E}
	EndGlobalSection
EndGlobal
